// !$*UTF8*$!
{
	archiveVersion = 1;
	classes = {
	};
	objectVersion = 50;
	objects = {

/* Begin PBXBuildFile section */
		403D8CBE22818931002E678D /* AppDelegate.swift in Sources */ = {isa = PBXBuildFile; fileRef = 403D8CBD22818931002E678D /* AppDelegate.swift */; };
		403D8CC022818931002E678D /* ViewController.swift in Sources */ = {isa = PBXBuildFile; fileRef = 403D8CBF22818931002E678D /* ViewController.swift */; };
		403D8CC322818931002E678D /* Main.storyboard in Resources */ = {isa = PBXBuildFile; fileRef = 403D8CC122818931002E678D /* Main.storyboard */; };
		403D8CC522818933002E678D /* Assets.xcassets in Resources */ = {isa = PBXBuildFile; fileRef = 403D8CC422818933002E678D /* Assets.xcassets */; };
		403D8CC822818933002E678D /* LaunchScreen.storyboard in Resources */ = {isa = PBXBuildFile; fileRef = 403D8CC622818933002E678D /* LaunchScreen.storyboard */; };
		403D8CD322818933002E678D /* KataStringTests.swift in Sources */ = {isa = PBXBuildFile; fileRef = 403D8CD222818933002E678D /* KataStringTests.swift */; };
		403D8CDE22818B96002E678D /* README.md in Resources */ = {isa = PBXBuildFile; fileRef = 403D8CDD22818B96002E678D /* README.md */; };
/* End PBXBuildFile section */

/* Begin PBXContainerItemProxy section */
		403D8CCF22818933002E678D /* PBXContainerItemProxy */ = {
			isa = PBXContainerItemProxy;
			containerPortal = 403D8CB222818931002E678D /* Project object */;
			proxyType = 1;
			remoteGlobalIDString = 403D8CB922818931002E678D;
			remoteInfo = KataString;
		};
/* End PBXContainerItemProxy section */

/* Begin PBXFileReference section */
		403D8CBA22818931002E678D /* KataString.app */ = {isa = PBXFileReference; explicitFileType = wrapper.application; includeInIndex = 0; path = KataString.app; sourceTree = BUILT_PRODUCTS_DIR; };
		403D8CBD22818931002E678D /* AppDelegate.swift */ = {isa = PBXFileReference; lastKnownFileType = sourcecode.swift; path = AppDelegate.swift; sourceTree = "<group>"; };
		403D8CBF22818931002E678D /* ViewController.swift */ = {isa = PBXFileReference; lastKnownFileType = sourcecode.swift; path = ViewController.swift; sourceTree = "<group>"; };
		403D8CC222818931002E678D /* Base */ = {isa = PBXFileReference; lastKnownFileType = file.storyboard; name = Base; path = Base.lproj/Main.storyboard; sourceTree = "<group>"; };
		403D8CC422818933002E678D /* Assets.xcassets */ = {isa = PBXFileReference; lastKnownFileType = folder.assetcatalog; path = Assets.xcassets; sourceTree = "<group>"; };
		403D8CC722818933002E678D /* Base */ = {isa = PBXFileReference; lastKnownFileType = file.storyboard; name = Base; path = Base.lproj/LaunchScreen.storyboard; sourceTree = "<group>"; };
		403D8CC922818933002E678D /* Info.plist */ = {isa = PBXFileReference; lastKnownFileType = text.plist.xml; path = Info.plist; sourceTree = "<group>"; };
		403D8CCE22818933002E678D /* KataStringTests.xctest */ = {isa = PBXFileReference; explicitFileType = wrapper.cfbundle; includeInIndex = 0; path = KataStringTests.xctest; sourceTree = BUILT_PRODUCTS_DIR; };
		403D8CD222818933002E678D /* KataStringTests.swift */ = {isa = PBXFileReference; lastKnownFileType = sourcecode.swift; path = KataStringTests.swift; sourceTree = "<group>"; };
		403D8CD422818933002E678D /* Info.plist */ = {isa = PBXFileReference; lastKnownFileType = text.plist.xml; path = Info.plist; sourceTree = "<group>"; };
		403D8CDD22818B96002E678D /* README.md */ = {isa = PBXFileReference; fileEncoding = 4; lastKnownFileType = net.daringfireball.markdown; path = README.md; sourceTree = "<group>"; };
		403D8CDF22818BD5002E678D /* .gitignore */ = {isa = PBXFileReference; lastKnownFileType = text; path = .gitignore; sourceTree = "<group>"; };
		403D8CE122818DE5002E678D /* .travis.yml */ = {isa = PBXFileReference; lastKnownFileType = text; path = .travis.yml; sourceTree = "<group>"; };
/* End PBXFileReference section */

/* Begin PBXFrameworksBuildPhase section */
		403D8CB722818931002E678D /* Frameworks */ = {
			isa = PBXFrameworksBuildPhase;
			buildActionMask = 2147483647;
			files = (
			);
			runOnlyForDeploymentPostprocessing = 0;
		};
		403D8CCB22818933002E678D /* Frameworks */ = {
			isa = PBXFrameworksBuildPhase;
			buildActionMask = 2147483647;
			files = (
			);
			runOnlyForDeploymentPostprocessing = 0;
		};
/* End PBXFrameworksBuildPhase section */

/* Begin PBXGroup section */
		403D8CB122818931002E678D = {
			isa = PBXGroup;
			children = (
				403D8CDD22818B96002E678D /* README.md */,
				403D8CDF22818BD5002E678D /* .gitignore */,
				403D8CE122818DE5002E678D /* .travis.yml */,
				403D8CBC22818931002E678D /* KataString */,
				403D8CD122818933002E678D /* KataStringTests */,
				403D8CBB22818931002E678D /* Products */,
			);
			sourceTree = "<group>";
		};
		403D8CBB22818931002E678D /* Products */ = {
			isa = PBXGroup;
			children = (
				403D8CBA22818931002E678D /* KataString.app */,
				403D8CCE22818933002E678D /* KataStringTests.xctest */,
			);
			name = Products;
			sourceTree = "<group>";
		};
		403D8CBC22818931002E678D /* KataString */ = {
			isa = PBXGroup;
			children = (
				403D8CBD22818931002E678D /* AppDelegate.swift */,
				403D8CBF22818931002E678D /* ViewController.swift */,
				403D8CC122818931002E678D /* Main.storyboard */,
				403D8CC422818933002E678D /* Assets.xcassets */,
				403D8CC622818933002E678D /* LaunchScreen.storyboard */,
				403D8CC922818933002E678D /* Info.plist */,
			);
			path = KataString;
			sourceTree = "<group>";
		};
		403D8CD122818933002E678D /* KataStringTests */ = {
			isa = PBXGroup;
			children = (
				403D8CD222818933002E678D /* KataStringTests.swift */,
				403D8CD422818933002E678D /* Info.plist */,
			);
			path = KataStringTests;
			sourceTree = "<group>";
		};
/* End PBXGroup section */

/* Begin PBXNativeTarget section */
		403D8CB922818931002E678D /* KataString */ = {
			isa = PBXNativeTarget;
			buildConfigurationList = 403D8CD722818933002E678D /* Build configuration list for PBXNativeTarget "KataString" */;
			buildPhases = (
				403D8CB622818931002E678D /* Sources */,
				403D8CB722818931002E678D /* Frameworks */,
				403D8CB822818931002E678D /* Resources */,
			);
			buildRules = (
			);
			dependencies = (
			);
			name = KataString;
			productName = KataString;
			productReference = 403D8CBA22818931002E678D /* KataString.app */;
			productType = "com.apple.product-type.application";
		};
		403D8CCD22818933002E678D /* KataStringTests */ = {
			isa = PBXNativeTarget;
			buildConfigurationList = 403D8CDA22818933002E678D /* Build configuration list for PBXNativeTarget "KataStringTests" */;
			buildPhases = (
				403D8CCA22818933002E678D /* Sources */,
				403D8CCB22818933002E678D /* Frameworks */,
				403D8CCC22818933002E678D /* Resources */,
			);
			buildRules = (
			);
			dependencies = (
				403D8CD022818933002E678D /* PBXTargetDependency */,
			);
			name = KataStringTests;
			productName = KataStringTests;
			productReference = 403D8CCE22818933002E678D /* KataStringTests.xctest */;
			productType = "com.apple.product-type.bundle.unit-test";
		};
/* End PBXNativeTarget section */

/* Begin PBXProject section */
		403D8CB222818931002E678D /* Project object */ = {
			isa = PBXProject;
			attributes = {
				LastSwiftUpdateCheck = 1010;
				LastUpgradeCheck = 1010;
				ORGANIZATIONNAME = "Biometrics Team";
				TargetAttributes = {
					403D8CB922818931002E678D = {
						CreatedOnToolsVersion = 10.1;
					};
					403D8CCD22818933002E678D = {
						CreatedOnToolsVersion = 10.1;
						TestTargetID = 403D8CB922818931002E678D;
					};
				};
			};
			buildConfigurationList = 403D8CB522818931002E678D /* Build configuration list for PBXProject "KataString" */;
			compatibilityVersion = "Xcode 9.3";
			developmentRegion = en;
			hasScannedForEncodings = 0;
			knownRegions = (
				en,
				Base,
			);
			mainGroup = 403D8CB122818931002E678D;
			productRefGroup = 403D8CBB22818931002E678D /* Products */;
			projectDirPath = "";
			projectRoot = "";
			targets = (
				403D8CB922818931002E678D /* KataString */,
				403D8CCD22818933002E678D /* KataStringTests */,
			);
		};
/* End PBXProject section */

/* Begin PBXResourcesBuildPhase section */
		403D8CB822818931002E678D /* Resources */ = {
			isa = PBXResourcesBuildPhase;
			buildActionMask = 2147483647;
			files = (
				403D8CC822818933002E678D /* LaunchScreen.storyboard in Resources */,
				403D8CC522818933002E678D /* Assets.xcassets in Resources */,
				403D8CDE22818B96002E678D /* README.md in Resources */,
				403D8CC322818931002E678D /* Main.storyboard in Resources */,
			);
			runOnlyForDeploymentPostprocessing = 0;
		};
		403D8CCC22818933002E678D /* Resources */ = {
			isa = PBXResourcesBuildPhase;
			buildActionMask = 2147483647;
			files = (
			);
			runOnlyForDeploymentPostprocessing = 0;
		};
/* End PBXResourcesBuildPhase section */

/* Begin PBXSourcesBuildPhase section */
		403D8CB622818931002E678D /* Sources */ = {
			isa = PBXSourcesBuildPhase;
			buildActionMask = 2147483647;
			files = (
				403D8CC022818931002E678D /* ViewController.swift in Sources */,
				403D8CBE22818931002E678D /* AppDelegate.swift in Sources */,
			);
			runOnlyForDeploymentPostprocessing = 0;
		};
		403D8CCA22818933002E678D /* Sources */ = {
			isa = PBXSourcesBuildPhase;
			buildActionMask = 2147483647;
			files = (
				403D8CD322818933002E678D /* KataStringTests.swift in Sources */,
			);
			runOnlyForDeploymentPostprocessing = 0;
		};
/* End PBXSourcesBuildPhase section */

/* Begin PBXTargetDependency section */
		403D8CD022818933002E678D /* PBXTargetDependency */ = {
			isa = PBXTargetDependency;
			target = 403D8CB922818931002E678D /* KataString */;
			targetProxy = 403D8CCF22818933002E678D /* PBXContainerItemProxy */;
		};
/* End PBXTargetDependency section */

/* Begin PBXVariantGroup section */
		403D8CC122818931002E678D /* Main.storyboard */ = {
			isa = PBXVariantGroup;
			children = (
				403D8CC222818931002E678D /* Base */,
			);
			name = Main.storyboard;
			sourceTree = "<group>";
		};
		403D8CC622818933002E678D /* LaunchScreen.storyboard */ = {
			isa = PBXVariantGroup;
			children = (
				403D8CC722818933002E678D /* Base */,
			);
			name = LaunchScreen.storyboard;
			sourceTree = "<group>";
		};
/* End PBXVariantGroup section */

/* Begin XCBuildConfiguration section */
		403D8CD522818933002E678D /* Debug */ = {
			isa = XCBuildConfiguration;
			buildSettings = {
				ALWAYS_SEARCH_USER_PATHS = NO;
				CLANG_ANALYZER_NONNULL = YES;
				CLANG_ANALYZER_NUMBER_OBJECT_CONVERSION = YES_AGGRESSIVE;
				CLANG_CXX_LANGUAGE_STANDARD = "gnu++14";
				CLANG_CXX_LIBRARY = "libc++";
				CLANG_ENABLE_MODULES = YES;
				CLANG_ENABLE_OBJC_ARC = YES;
				CLANG_ENABLE_OBJC_WEAK = YES;
				CLANG_WARN_BLOCK_CAPTURE_AUTORELEASING = YES;
				CLANG_WARN_BOOL_CONVERSION = YES;
				CLANG_WARN_COMMA = YES;
				CLANG_WARN_CONSTANT_CONVERSION = YES;
				CLANG_WARN_DEPRECATED_OBJC_IMPLEMENTATIONS = YES;
				CLANG_WARN_DIRECT_OBJC_ISA_USAGE = YES_ERROR;
				CLANG_WARN_DOCUMENTATION_COMMENTS = YES;
				CLANG_WARN_EMPTY_BODY = YES;
				CLANG_WARN_ENUM_CONVERSION = YES;
				CLANG_WARN_INFINITE_RECURSION = YES;
				CLANG_WARN_INT_CONVERSION = YES;
				CLANG_WARN_NON_LITERAL_NULL_CONVERSION = YES;
				CLANG_WARN_OBJC_IMPLICIT_RETAIN_SELF = YES;
				CLANG_WARN_OBJC_LITERAL_CONVERSION = YES;
				CLANG_WARN_OBJC_ROOT_CLASS = YES_ERROR;
				CLANG_WARN_RANGE_LOOP_ANALYSIS = YES;
				CLANG_WARN_STRICT_PROTOTYPES = YES;
				CLANG_WARN_SUSPICIOUS_MOVE = YES;
				CLANG_WARN_UNGUARDED_AVAILABILITY = YES_AGGRESSIVE;
				CLANG_WARN_UNREACHABLE_CODE = YES;
				CLANG_WARN__DUPLICATE_METHOD_MATCH = YES;
				CODE_SIGN_IDENTITY = "iPhone Developer";
				COPY_PHASE_STRIP = NO;
				DEBUG_INFORMATION_FORMAT = dwarf;
				ENABLE_STRICT_OBJC_MSGSEND = YES;
				ENABLE_TESTABILITY = YES;
				GCC_C_LANGUAGE_STANDARD = gnu11;
				GCC_DYNAMIC_NO_PIC = NO;
				GCC_NO_COMMON_BLOCKS = YES;
				GCC_OPTIMIZATION_LEVEL = 0;
				GCC_PREPROCESSOR_DEFINITIONS = (
					"DEBUG=1",
					"$(inherited)",
				);
				GCC_WARN_64_TO_32_BIT_CONVERSION = YES;
				GCC_WARN_ABOUT_RETURN_TYPE = YES_ERROR;
				GCC_WARN_UNDECLARED_SELECTOR = YES;
				GCC_WARN_UNINITIALIZED_AUTOS = YES_AGGRESSIVE;
				GCC_WARN_UNUSED_FUNCTION = YES;
				GCC_WARN_UNUSED_VARIABLE = YES;
				IPHONEOS_DEPLOYMENT_TARGET = 12.1;
				MTL_ENABLE_DEBUG_INFO = INCLUDE_SOURCE;
				MTL_FAST_MATH = YES;
				ONLY_ACTIVE_ARCH = YES;
				SDKROOT = iphoneos;
				SWIFT_ACTIVE_COMPILATION_CONDITIONS = DEBUG;
				SWIFT_OPTIMIZATION_LEVEL = "-Onone";
			};
			name = Debug;
		};
		403D8CD622818933002E678D /* Release */ = {
			isa = XCBuildConfiguration;
			buildSettings = {
				ALWAYS_SEARCH_USER_PATHS = NO;
				CLANG_ANALYZER_NONNULL = YES;
				CLANG_ANALYZER_NUMBER_OBJECT_CONVERSION = YES_AGGRESSIVE;
				CLANG_CXX_LANGUAGE_STANDARD = "gnu++14";
				CLANG_CXX_LIBRARY = "libc++";
				CLANG_ENABLE_MODULES = YES;
				CLANG_ENABLE_OBJC_ARC = YES;
				CLANG_ENABLE_OBJC_WEAK = YES;
				CLANG_WARN_BLOCK_CAPTURE_AUTORELEASING = YES;
				CLANG_WARN_BOOL_CONVERSION = YES;
				CLANG_WARN_COMMA = YES;
				CLANG_WARN_CONSTANT_CONVERSION = YES;
				CLANG_WARN_DEPRECATED_OBJC_IMPLEMENTATIONS = YES;
				CLANG_WARN_DIRECT_OBJC_ISA_USAGE = YES_ERROR;
				CLANG_WARN_DOCUMENTATION_COMMENTS = YES;
				CLANG_WARN_EMPTY_BODY = YES;
				CLANG_WARN_ENUM_CONVERSION = YES;
				CLANG_WARN_INFINITE_RECURSION = YES;
				CLANG_WARN_INT_CONVERSION = YES;
				CLANG_WARN_NON_LITERAL_NULL_CONVERSION = YES;
				CLANG_WARN_OBJC_IMPLICIT_RETAIN_SELF = YES;
				CLANG_WARN_OBJC_LITERAL_CONVERSION = YES;
				CLANG_WARN_OBJC_ROOT_CLASS = YES_ERROR;
				CLANG_WARN_RANGE_LOOP_ANALYSIS = YES;
				CLANG_WARN_STRICT_PROTOTYPES = YES;
				CLANG_WARN_SUSPICIOUS_MOVE = YES;
				CLANG_WARN_UNGUARDED_AVAILABILITY = YES_AGGRESSIVE;
				CLANG_WARN_UNREACHABLE_CODE = YES;
				CLANG_WARN__DUPLICATE_METHOD_MATCH = YES;
				CODE_SIGN_IDENTITY = "iPhone Developer";
				COPY_PHASE_STRIP = NO;
				DEBUG_INFORMATION_FORMAT = "dwarf-with-dsym";
				ENABLE_NS_ASSERTIONS = NO;
				ENABLE_STRICT_OBJC_MSGSEND = YES;
				GCC_C_LANGUAGE_STANDARD = gnu11;
				GCC_NO_COMMON_BLOCKS = YES;
				GCC_WARN_64_TO_32_BIT_CONVERSION = YES;
				GCC_WARN_ABOUT_RETURN_TYPE = YES_ERROR;
				GCC_WARN_UNDECLARED_SELECTOR = YES;
				GCC_WARN_UNINITIALIZED_AUTOS = YES_AGGRESSIVE;
				GCC_WARN_UNUSED_FUNCTION = YES;
				GCC_WARN_UNUSED_VARIABLE = YES;
				IPHONEOS_DEPLOYMENT_TARGET = 12.1;
				MTL_ENABLE_DEBUG_INFO = NO;
				MTL_FAST_MATH = YES;
				SDKROOT = iphoneos;
				SWIFT_COMPILATION_MODE = wholemodule;
				SWIFT_OPTIMIZATION_LEVEL = "-O";
				VALIDATE_PRODUCT = YES;
			};
			name = Release;
		};
		403D8CD822818933002E678D /* Debug */ = {
			isa = XCBuildConfiguration;
			buildSettings = {
				ASSETCATALOG_COMPILER_APPICON_NAME = AppIcon;
				CODE_SIGN_STYLE = Automatic;
				DEVELOPMENT_TEAM = "";
				INFOPLIST_FILE = KataString/Info.plist;
				LD_RUNPATH_SEARCH_PATHS = (
					"$(inherited)",
					"@executable_path/Frameworks",
				);
				PRODUCT_BUNDLE_IDENTIFIER = org.gradiant.biometrics.KataString;
				PRODUCT_NAME = "$(TARGET_NAME)";
				SWIFT_VERSION = 4.2;
				TARGETED_DEVICE_FAMILY = "1,2";
			};
			name = Debug;
		};
		403D8CD922818933002E678D /* Release */ = {
			isa = XCBuildConfiguration;
			buildSettings = {
				ASSETCATALOG_COMPILER_APPICON_NAME = AppIcon;
				CODE_SIGN_STYLE = Automatic;
				DEVELOPMENT_TEAM = "";
				INFOPLIST_FILE = KataString/Info.plist;
				LD_RUNPATH_SEARCH_PATHS = (
					"$(inherited)",
					"@executable_path/Frameworks",
				);
				PRODUCT_BUNDLE_IDENTIFIER = org.gradiant.biometrics.KataString;
				PRODUCT_NAME = "$(TARGET_NAME)";
				SWIFT_VERSION = 4.2;
				TARGETED_DEVICE_FAMILY = "1,2";
			};
			name = Release;
		};
		403D8CDB22818933002E678D /* Debug */ = {
			isa = XCBuildConfiguration;
			buildSettings = {
				ALWAYS_EMBED_SWIFT_STANDARD_LIBRARIES = YES;
				BUNDLE_LOADER = "$(TEST_HOST)";
				CODE_SIGN_STYLE = Automatic;
				DEVELOPMENT_TEAM = 4236DX29UR;
				INFOPLIST_FILE = KataStringTests/Info.plist;
				LD_RUNPATH_SEARCH_PATHS = (
					"$(inherited)",
					"@executable_path/Frameworks",
					"@loader_path/Frameworks",
				);
				PRODUCT_BUNDLE_IDENTIFIER = org.gradiant.biometrics.KataStringTests;
				PRODUCT_NAME = "$(TARGET_NAME)";
				SWIFT_VERSION = 4.2;
				TARGETED_DEVICE_FAMILY = "1,2";
				TEST_HOST = "$(BUILT_PRODUCTS_DIR)/KataString.app/KataString";
			};
			name = Debug;
		};
		403D8CDC22818933002E678D /* Release */ = {
			isa = XCBuildConfiguration;
			buildSettings = {
				ALWAYS_EMBED_SWIFT_STANDARD_LIBRARIES = YES;
				BUNDLE_LOADER = "$(TEST_HOST)";
				CODE_SIGN_STYLE = Automatic;
				DEVELOPMENT_TEAM = 4236DX29UR;
				INFOPLIST_FILE = KataStringTests/Info.plist;
				LD_RUNPATH_SEARCH_PATHS = (
					"$(inherited)",
					"@executable_path/Frameworks",
					"@loader_path/Frameworks",
				);
				PRODUCT_BUNDLE_IDENTIFIER = org.gradiant.biometrics.KataStringTests;
				PRODUCT_NAME = "$(TARGET_NAME)";
				SWIFT_VERSION = 4.2;
				TARGETED_DEVICE_FAMILY = "1,2";
				TEST_HOST = "$(BUILT_PRODUCTS_DIR)/KataString.app/KataString";
			};
			name = Release;
		};
/* End XCBuildConfiguration section */

/* Begin XCConfigurationList section */
		403D8CB522818931002E678D /* Build configuration list for PBXProject "KataString" */ = {
			isa = XCConfigurationList;
			buildConfigurations = (
				403D8CD522818933002E678D /* Debug */,
				403D8CD622818933002E678D /* Release */,
			);
			defaultConfigurationIsVisible = 0;
			defaultConfigurationName = Release;
		};
		403D8CD722818933002E678D /* Build configuration list for PBXNativeTarget "KataString" */ = {
			isa = XCConfigurationList;
			buildConfigurations = (
				403D8CD822818933002E678D /* Debug */,
				403D8CD922818933002E678D /* Release */,
			);
			defaultConfigurationIsVisible = 0;
			defaultConfigurationName = Release;
		};
		403D8CDA22818933002E678D /* Build configuration list for PBXNativeTarget "KataStringTests" */ = {
			isa = XCConfigurationList;
			buildConfigurations = (
				403D8CDB22818933002E678D /* Debug */,
				403D8CDC22818933002E678D /* Release */,
			);
			defaultConfigurationIsVisible = 0;
			defaultConfigurationName = Release;
		};
/* End XCConfigurationList section */
	};
	rootObject = 403D8CB222818931002E678D /* Project object */;
}
